[[package]]
name = "noise"
version = "1.2.2"
description = "Perlin noise for Python"
category = "main"
optional = false
python-versions = "*"

[[package]]
name = "random2"
version = "1.0.1"
description = "Python 3 compatible Pytohn 2 `random` Module."
category = "main"
optional = false
python-versions = "*"

[metadata]
lock-version = "1.1"
python-versions = ">=3.8.0,<3.9"
content-hash = "c3101402e71cd6649ed84644f15cdc66fcd7aeb84c0808db3a182fc1b0f3cb26"

[metadata.files]
noise = [
    {file = "noise-1.2.2-cp27-none-win32.whl", hash = "sha256:f7ef26a4c334224e7763e740fc945c26c0abf9ba51a19d4f5befa1d20d7da0b7"},
    {file = "noise-1.2.2-cp27-none-win_amd64.whl", hash = "sha256:15582a58c9ee79b07436a1220bd6c4145266865262d1e6478d37a08b7d910da8"},
    {file = "noise-1.2.2-cp33-none-win32.whl", hash = "sha256:93ac2977cf0e8f5cb90a2e828a5dfefc438bfb1fb8d7fd1ee305f05eadc8578e"},
    {file = "noise-1.2.2-cp33-none-win_amd64.whl", hash = "sha256:20d1c89a2b8c3714abe5a5fa653b3ab9ab01aee1475993b8bdb9d5e26bc081cc"},
    {file = "noise-1.2.2-cp34-none-win32.whl", hash = "sha256:f82933563ef89651865cc7cbfab11721a2229f5c6c8c009a041be4fb887949f2"},
    {file = "noise-1.2.2-cp34-none-win_amd64.whl", hash = "sha256:065be3531a6b7a7dfcb6840646400a75e081511c524caa04feaea11e16e7ab24"},
    {file = "noise-1.2.2-py2.7-win-amd64.egg", hash = "sha256:fae41762d6b7a0a1e360ec4cb03260b6abcc302b2244a3feefdfbf52ffd612c9"},
    {file = "noise-1.2.2-py2.7-win32.egg", hash = "sha256:0d3c51b538dfbbea85cbcf9fc4418ae5210136f5e39948968392a6d4f3cd39b0"},
    {file = "noise-1.2.2-py3.3-win-amd64.egg", hash = "sha256:0191e19e77be1018f5548e75125de1c6aec11a75a8693bb5f8f8106b63561ed8"},
    {file = "noise-1.2.2-py3.3-win32.egg", hash = "sha256:a15336cea59c74f1b3b2bf03b76600a3d59b0e557da1219176b9ca216dca8a91"},
    {file = "noise-1.2.2-py3.4-win-amd64.egg", hash = "sha256:a476b2b62efa56b777c5a04566930aa47cfda43eda0e744a39b55056e763064f"},
    {file = "noise-1.2.2-py3.4-win32.egg", hash = "sha256:001782e0b67c260e734e48a409641707f502ee4cd186a74e6bda881fb3c44427"},
    {file = "noise-1.2.2.tar.gz", hash = "sha256:57a2797436574391ff63a111e852e53a4164ecd81ad23639641743cd1a209b65"},
    {file = "noise-1.2.2.zip", hash = "sha256:36036cdaca131ddd2ab4397fba649af7f074ec08031e1e0a51031d0ae23b509a"},
]
random2 = [
    {file = "random2-1.0.1.zip", hash = "sha256:34ad30aac341039872401595df9ab2c9dc36d0b7c077db1cea9ade430ed1c007"},
]
